
Microsoft Visual Studio Solution File, Format Version 12.00
# Visual Studio Version 17
VisualStudioVersion = 17.7.33711.374
MinimumVisualStudioVersion = 10.0.40219.1
Project("{9A19103F-16F7-4668-BE54-9A1E7A4F7556}") = "CrispyWeb", "CrispyWeb\CrispyWeb.csproj", "{C2195BC0-7ED0-4D32-8511-27EFA611B878}"
EndProject
Project("{FAE04EC0-301F-11D3-BF4B-00C04F79EFBC}") = "Crispy.DataAccess", "Crispy.DataAccess\Crispy.DataAccess.csproj", "{2B9C3B77-5AC5-49A2-8CC2-427B6C241C13}"
EndProject
Project("{FAE04EC0-301F-11D3-BF4B-00C04F79EFBC}") = "Crispy.Models", "Crispy.Models\Crispy.Models.csproj", "{6C897435-2FFE-4EAF-A047-61DC6A995415}"
EndProject
Project("{FAE04EC0-301F-11D3-BF4B-00C04F79EFBC}") = "Crispy.Utility", "Crispy.Utility\Crispy.Utility.csproj", "{8AEC3916-12B3-4DF9-9617-5A0DB2674E8F}"
EndProject
Global
	GlobalSection(SolutionConfigurationPlatforms) = preSolution
		Debug|Any CPU = Debug|Any CPU
		Release|Any CPU = Release|Any CPU
	EndGlobalSection
	GlobalSection(ProjectConfigurationPlatforms) = postSolution
		{C2195BC0-7ED0-4D32-8511-27EFA611B878}.Debug|Any CPU.ActiveCfg = Debug|Any CPU
		{C2195BC0-7ED0-4D32-8511-27EFA611B878}.Debug|Any CPU.Build.0 = Debug|Any CPU
		{C2195BC0-7ED0-4D32-8511-27EFA611B878}.Release|Any CPU.ActiveCfg = Release|Any CPU
		{C2195BC0-7ED0-4D32-8511-27EFA611B878}.Release|Any CPU.Build.0 = Release|Any CPU
		{2B9C3B77-5AC5-49A2-8CC2-427B6C241C13}.Debug|Any CPU.ActiveCfg = Debug|Any CPU
		{2B9C3B77-5AC5-49A2-8CC2-427B6C241C13}.Debug|Any CPU.Build.0 = Debug|Any CPU
		{2B9C3B77-5AC5-49A2-8CC2-427B6C241C13}.Release|Any CPU.ActiveCfg = Release|Any CPU
		{2B9C3B77-5AC5-49A2-8CC2-427B6C241C13}.Release|Any CPU.Build.0 = Release|Any CPU
		{6C897435-2FFE-4EAF-A047-61DC6A995415}.Debug|Any CPU.ActiveCfg = Debug|Any CPU
		{6C897435-2FFE-4EAF-A047-61DC6A995415}.Debug|Any CPU.Build.0 = Debug|Any CPU
		{6C897435-2FFE-4EAF-A047-61DC6A995415}.Release|Any CPU.ActiveCfg = Release|Any CPU
		{6C897435-2FFE-4EAF-A047-61DC6A995415}.Release|Any CPU.Build.0 = Release|Any CPU
		{8AEC3916-12B3-4DF9-9617-5A0DB2674E8F}.Debug|Any CPU.ActiveCfg = Debug|Any CPU
		{8AEC3916-12B3-4DF9-9617-5A0DB2674E8F}.Debug|Any CPU.Build.0 = Debug|Any CPU
		{8AEC3916-12B3-4DF9-9617-5A0DB2674E8F}.Release|Any CPU.ActiveCfg = Release|Any CPU
		{8AEC3916-12B3-4DF9-9617-5A0DB2674E8F}.Release|Any CPU.Build.0 = Release|Any CPU
	EndGlobalSection
	GlobalSection(SolutionProperties) = preSolution
		HideSolutionNode = FALSE
	EndGlobalSection
	GlobalSection(ExtensibilityGlobals) = postSolution
		SolutionGuid = {50D9313F-930C-481E-BA38-47F219EF5F8D}
	EndGlobalSection
EndGlobal
